
Microsoft Visual Studio Solution File, Format Version 12.00
# Visual Studio Version 16
VisualStudioVersion = 16.0.33130.400
MinimumVisualStudioVersion = 10.0.40219.1
Project("{FAE04EC0-301F-11D3-BF4B-00C04F79EFBC}") = "t_lab.5", "t_lab.5\t_lab.5.csproj", "{6AD18774-A3BB-4706-8F87-3E381802EA33}"
EndProject
Global
	GlobalSection(SolutionConfigurationPlatforms) = preSolution
		Debug|Any CPU = Debug|Any CPU
		Release|Any CPU = Release|Any CPU
	EndGlobalSection
	GlobalSection(ProjectConfigurationPlatforms) = postSolution
		{6AD18774-A3BB-4706-8F87-3E381802EA33}.Debug|Any CPU.ActiveCfg = Debug|Any CPU
		{6AD18774-A3BB-4706-8F87-3E381802EA33}.Debug|Any CPU.Build.0 = Debug|Any CPU
		{6AD18774-A3BB-4706-8F87-3E381802EA33}.Release|Any CPU.ActiveCfg = Release|Any CPU
		{6AD18774-A3BB-4706-8F87-3E381802EA33}.Release|Any CPU.Build.0 = Release|Any CPU
	EndGlobalSection
	GlobalSection(SolutionProperties) = preSolution
		HideSolutionNode = FALSE
	EndGlobalSection
	GlobalSection(ExtensibilityGlobals) = postSolution
		SolutionGuid = {CF47E4CC-DC99-45F0-A19A-AADB054938AA}
	EndGlobalSection
EndGlobal
